
Microsoft Visual Studio Solution File, Format Version 12.00
# Visual Studio 15
VisualStudioVersion = 15.0.27703.2042
MinimumVisualStudioVersion = 10.0.40219.1
Project("{FAE04EC0-301F-11D3-BF4B-00C04F79EFBC}") = "Visit", "Visit\Visit.csproj", "{E8BA321B-ADF0-4175-937B-982DC7291BAD}"
EndProject
Global
	GlobalSection(SolutionConfigurationPlatforms) = preSolution
		Debug|Any CPU = Debug|Any CPU
		Release|Any CPU = Release|Any CPU
	EndGlobalSection
	GlobalSection(ProjectConfigurationPlatforms) = postSolution
		{E8BA321B-ADF0-4175-937B-982DC7291BAD}.Debug|Any CPU.ActiveCfg = Debug|Any CPU
		{E8BA321B-ADF0-4175-937B-982DC7291BAD}.Debug|Any CPU.Build.0 = Debug|Any CPU
		{E8BA321B-ADF0-4175-937B-982DC7291BAD}.Release|Any CPU.ActiveCfg = Release|Any CPU
		{E8BA321B-ADF0-4175-937B-982DC7291BAD}.Release|Any CPU.Build.0 = Release|Any CPU
	EndGlobalSection
	GlobalSection(SolutionProperties) = preSolution
		HideSolutionNode = FALSE
	EndGlobalSection
	GlobalSection(ExtensibilityGlobals) = postSolution
		SolutionGuid = {C2C23334-97AB-4B66-93CD-FE4EF0DFA5E0}
	EndGlobalSection
EndGlobal
